
Microsoft Visual Studio Solution File, Format Version 12.00
# Visual Studio Version 17
VisualStudioVersion = 17.3.32929.385
MinimumVisualStudioVersion = 10.0.40219.1
Project("{FAE04EC0-301F-11D3-BF4B-00C04F79EFBC}") = "ConsoleAppHW8_1", "ConsoleAppHW8_1\ConsoleAppHW8_1.csproj", "{8D78261A-1170-451E-8068-E27E9A4BA2FC}"
EndProject
Global
	GlobalSection(SolutionConfigurationPlatforms) = preSolution
		Debug|Any CPU = Debug|Any CPU
		Release|Any CPU = Release|Any CPU
	EndGlobalSection
	GlobalSection(ProjectConfigurationPlatforms) = postSolution
		{8D78261A-1170-451E-8068-E27E9A4BA2FC}.Debug|Any CPU.ActiveCfg = Debug|Any CPU
		{8D78261A-1170-451E-8068-E27E9A4BA2FC}.Debug|Any CPU.Build.0 = Debug|Any CPU
		{8D78261A-1170-451E-8068-E27E9A4BA2FC}.Release|Any CPU.ActiveCfg = Release|Any CPU
		{8D78261A-1170-451E-8068-E27E9A4BA2FC}.Release|Any CPU.Build.0 = Release|Any CPU
	EndGlobalSection
	GlobalSection(SolutionProperties) = preSolution
		HideSolutionNode = FALSE
	EndGlobalSection
	GlobalSection(ExtensibilityGlobals) = postSolution
		SolutionGuid = {94F48EAB-B120-4D99-9671-DB9B7CB0A207}
	EndGlobalSection
EndGlobal
