
Microsoft Visual Studio Solution File, Format Version 12.00
# Visual Studio Version 17
VisualStudioVersion = 17.3.32929.385
MinimumVisualStudioVersion = 10.0.40219.1
Project("{FAE04EC0-301F-11D3-BF4B-00C04F79EFBC}") = "ConsoleAppHW8_4", "ConsoleAppHW8_4\ConsoleAppHW8_4.csproj", "{A6EBF028-6ACB-4CC5-9C5A-29425BBE5B2E}"
EndProject
Global
	GlobalSection(SolutionConfigurationPlatforms) = preSolution
		Debug|Any CPU = Debug|Any CPU
		Release|Any CPU = Release|Any CPU
	EndGlobalSection
	GlobalSection(ProjectConfigurationPlatforms) = postSolution
		{A6EBF028-6ACB-4CC5-9C5A-29425BBE5B2E}.Debug|Any CPU.ActiveCfg = Debug|Any CPU
		{A6EBF028-6ACB-4CC5-9C5A-29425BBE5B2E}.Debug|Any CPU.Build.0 = Debug|Any CPU
		{A6EBF028-6ACB-4CC5-9C5A-29425BBE5B2E}.Release|Any CPU.ActiveCfg = Release|Any CPU
		{A6EBF028-6ACB-4CC5-9C5A-29425BBE5B2E}.Release|Any CPU.Build.0 = Release|Any CPU
	EndGlobalSection
	GlobalSection(SolutionProperties) = preSolution
		HideSolutionNode = FALSE
	EndGlobalSection
	GlobalSection(ExtensibilityGlobals) = postSolution
		SolutionGuid = {E956CB8C-1708-433D-BA30-0066582BE057}
	EndGlobalSection
EndGlobal
