
Microsoft Visual Studio Solution File, Format Version 12.00
# Visual Studio Version 17
VisualStudioVersion = 17.3.32929.385
MinimumVisualStudioVersion = 10.0.40219.1
Project("{FAE04EC0-301F-11D3-BF4B-00C04F79EFBC}") = "ConsoleAppHW6_2", "ConsoleAppHW6_2\ConsoleAppHW6_2.csproj", "{3AA23484-D8C0-423D-A44B-F22CD0329D75}"
EndProject
Global
	GlobalSection(SolutionConfigurationPlatforms) = preSolution
		Debug|Any CPU = Debug|Any CPU
		Release|Any CPU = Release|Any CPU
	EndGlobalSection
	GlobalSection(ProjectConfigurationPlatforms) = postSolution
		{3AA23484-D8C0-423D-A44B-F22CD0329D75}.Debug|Any CPU.ActiveCfg = Debug|Any CPU
		{3AA23484-D8C0-423D-A44B-F22CD0329D75}.Debug|Any CPU.Build.0 = Debug|Any CPU
		{3AA23484-D8C0-423D-A44B-F22CD0329D75}.Release|Any CPU.ActiveCfg = Release|Any CPU
		{3AA23484-D8C0-423D-A44B-F22CD0329D75}.Release|Any CPU.Build.0 = Release|Any CPU
	EndGlobalSection
	GlobalSection(SolutionProperties) = preSolution
		HideSolutionNode = FALSE
	EndGlobalSection
	GlobalSection(ExtensibilityGlobals) = postSolution
		SolutionGuid = {5A7B2824-DD32-4B23-AFA8-56778425513D}
	EndGlobalSection
EndGlobal
