
Microsoft Visual Studio Solution File, Format Version 12.00
# Visual Studio Version 17
VisualStudioVersion = 17.3.32929.385
MinimumVisualStudioVersion = 10.0.40219.1
Project("{FAE04EC0-301F-11D3-BF4B-00C04F79EFBC}") = "ConsoleAppHW9_1", "ConsoleAppHW9_1\ConsoleAppHW9_1.csproj", "{1F791771-8AE8-482D-A306-C3B8B862B160}"
EndProject
Global
	GlobalSection(SolutionConfigurationPlatforms) = preSolution
		Debug|Any CPU = Debug|Any CPU
		Release|Any CPU = Release|Any CPU
	EndGlobalSection
	GlobalSection(ProjectConfigurationPlatforms) = postSolution
		{1F791771-8AE8-482D-A306-C3B8B862B160}.Debug|Any CPU.ActiveCfg = Debug|Any CPU
		{1F791771-8AE8-482D-A306-C3B8B862B160}.Debug|Any CPU.Build.0 = Debug|Any CPU
		{1F791771-8AE8-482D-A306-C3B8B862B160}.Release|Any CPU.ActiveCfg = Release|Any CPU
		{1F791771-8AE8-482D-A306-C3B8B862B160}.Release|Any CPU.Build.0 = Release|Any CPU
	EndGlobalSection
	GlobalSection(SolutionProperties) = preSolution
		HideSolutionNode = FALSE
	EndGlobalSection
	GlobalSection(ExtensibilityGlobals) = postSolution
		SolutionGuid = {34D79EB4-27ED-4635-8647-CA72B9269ACE}
	EndGlobalSection
EndGlobal
