
Microsoft Visual Studio Solution File, Format Version 12.00
# Visual Studio Version 17
VisualStudioVersion = 17.3.32929.385
MinimumVisualStudioVersion = 10.0.40219.1
Project("{FAE04EC0-301F-11D3-BF4B-00C04F79EFBC}") = "ConsoleAppHW3_1", "ConsoleAppHW3_1\ConsoleAppHW3_1.csproj", "{047F32BB-0B47-4589-8EF9-D600AC66CADD}"
EndProject
Global
	GlobalSection(SolutionConfigurationPlatforms) = preSolution
		Debug|Any CPU = Debug|Any CPU
		Release|Any CPU = Release|Any CPU
	EndGlobalSection
	GlobalSection(ProjectConfigurationPlatforms) = postSolution
		{047F32BB-0B47-4589-8EF9-D600AC66CADD}.Debug|Any CPU.ActiveCfg = Debug|Any CPU
		{047F32BB-0B47-4589-8EF9-D600AC66CADD}.Debug|Any CPU.Build.0 = Debug|Any CPU
		{047F32BB-0B47-4589-8EF9-D600AC66CADD}.Release|Any CPU.ActiveCfg = Release|Any CPU
		{047F32BB-0B47-4589-8EF9-D600AC66CADD}.Release|Any CPU.Build.0 = Release|Any CPU
	EndGlobalSection
	GlobalSection(SolutionProperties) = preSolution
		HideSolutionNode = FALSE
	EndGlobalSection
	GlobalSection(ExtensibilityGlobals) = postSolution
		SolutionGuid = {47FB55B0-2F36-4143-9E79-672DD9D92A8F}
	EndGlobalSection
EndGlobal
